
Microsoft Visual Studio Solution File, Format Version 10.00
# Visual Studio 2008
Project("{8BC9CEB8-8B4A-11D0-8D11-00A0C91BC942}") = "extractor", "extractor.vcproj", "{913B2300-15A9-45BD-A493-8558BB802E65}"
EndProject
Global
	GlobalSection(SolutionConfigurationPlatforms) = preSolution
		Debug|Win32 = Debug|Win32
		MinSizeRel|Win32 = MinSizeRel|Win32
		Release|Win32 = Release|Win32
		RelWithDebInfo|Win32 = RelWithDebInfo|Win32
	EndGlobalSection
	GlobalSection(ProjectConfigurationPlatforms) = postSolution
		{913B2300-15A9-45BD-A493-8558BB802E65}.Debug|Win32.ActiveCfg = Debug|Win32
		{913B2300-15A9-45BD-A493-8558BB802E65}.Debug|Win32.Build.0 = Debug|Win32
		{913B2300-15A9-45BD-A493-8558BB802E65}.MinSizeRel|Win32.ActiveCfg = MinSizeRel|Win32
		{913B2300-15A9-45BD-A493-8558BB802E65}.MinSizeRel|Win32.Build.0 = MinSizeRel|Win32
		{913B2300-15A9-45BD-A493-8558BB802E65}.Release|Win32.ActiveCfg = Release|Win32
		{913B2300-15A9-45BD-A493-8558BB802E65}.Release|Win32.Build.0 = Release|Win32
		{913B2300-15A9-45BD-A493-8558BB802E65}.RelWithDebInfo|Win32.ActiveCfg = RelWithDebInfo|Win32
		{913B2300-15A9-45BD-A493-8558BB802E65}.RelWithDebInfo|Win32.Build.0 = RelWithDebInfo|Win32
	EndGlobalSection
	GlobalSection(SolutionProperties) = preSolution
		HideSolutionNode = FALSE
	EndGlobalSection
EndGlobal
